PODS:
  - GoogleMaps (8.3.1):
    - GoogleMaps/Maps (= 8.3.1)
  - GoogleMaps/Base (8.3.1)
  - GoogleMaps/Maps (8.3.1):
    - GoogleMaps/Base
  - GooglePlaces (8.3.0)

DEPENDENCIES:
  - GoogleMaps (= 8.3.1)
  - GooglePlaces

SPEC REPOS:
  trunk:
    - GoogleMaps
    - GooglePlaces

SPEC CHECKSUMS:
  GoogleMaps: b47b67bd63d708477d6ff457da2d695c0d8ceb5f
  GooglePlaces: b922e192c50994436900ef14d19f84971950250b

PODFILE CHECKSUM: a847f3fc15e30a454a28bc9a878a3968399e714f

COCOAPODS: 1.14.3
