// !$*UTF8*$!
{
	archiveVersion = 1;
	classes = {
	};
	objectVersion = 56;
	objects = {

/* Begin PBXBuildFile section */
		BF2115132B285F2F006C1241 /* AppDelegate.swift in Sources */ = {isa = PBXBuildFile; fileRef = BF2115122B285F2F006C1241 /* AppDelegate.swift */; };
		BF2115152B285F2F006C1241 /* SceneDelegate.swift in Sources */ = {isa = PBXBuildFile; fileRef = BF2115142B285F2F006C1241 /* SceneDelegate.swift */; };
		BF2115172B285F2F006C1241 /* PreviousViewController.swift in Sources */ = {isa = PBXBuildFile; fileRef = BF2115162B285F2F006C1241 /* PreviousViewController.swift */; };
		BF21151A2B285F2F006C1241 /* Main.storyboard in Resources */ = {isa = PBXBuildFile; fileRef = BF2115182B285F2F006C1241 /* Main.storyboard */; };
		BF21151D2B285F2F006C1241 /* PlaceAutoComplete.xcdatamodeld in Sources */ = {isa = PBXBuildFile; fileRef = BF21151B2B285F2F006C1241 /* PlaceAutoComplete.xcdatamodeld */; };
		BF21151F2B285F30006C1241 /* Assets.xcassets in Resources */ = {isa = PBXBuildFile; fileRef = BF21151E2B285F30006C1241 /* Assets.xcassets */; };
		BF2115222B285F30006C1241 /* LaunchScreen.storyboard in Resources */ = {isa = PBXBuildFile; fileRef = BF2115202B285F30006C1241 /* LaunchScreen.storyboard */; };
		BF21152A2B286707006C1241 /* GooglePlacesAutocomplete.swift in Sources */ = {isa = PBXBuildFile; fileRef = BF2115292B286707006C1241 /* GooglePlacesAutocomplete.swift */; };
		BF21152C2B286728006C1241 /* ModelCalss.swift in Sources */ = {isa = PBXBuildFile; fileRef = BF21152B2B286728006C1241 /* ModelCalss.swift */; };
		BF21152F2B2887BE006C1241 /* ViewController.swift in Sources */ = {isa = PBXBuildFile; fileRef = BF21152E2B2887BE006C1241 /* ViewController.swift */; };
		BF8C80E7385021D04A3AFC49 /* Pods_PlaceAutoComplete.framework in Frameworks */ = {isa = PBXBuildFile; fileRef = 086DC8CE603FBC00CB605C61 /* Pods_PlaceAutoComplete.framework */; };
/* End PBXBuildFile section */

/* Begin PBXFileReference section */
		086DC8CE603FBC00CB605C61 /* Pods_PlaceAutoComplete.framework */ = {isa = PBXFileReference; explicitFileType = wrapper.framework; includeInIndex = 0; path = Pods_PlaceAutoComplete.framework; sourceTree = BUILT_PRODUCTS_DIR; };
		18C2FD0727277BFEE7D57FB2 /* Pods-PlaceAutoComplete.release.xcconfig */ = {isa = PBXFileReference; includeInIndex = 1; lastKnownFileType = text.xcconfig; name = "Pods-PlaceAutoComplete.release.xcconfig"; path = "Target Support Files/Pods-PlaceAutoComplete/Pods-PlaceAutoComplete.release.xcconfig"; sourceTree = "<group>"; };
		302C5C2B93C60FCE9E8DE6DE /* Pods-PlaceAutoComplete.debug.xcconfig */ = {isa = PBXFileReference; includeInIndex = 1; lastKnownFileType = text.xcconfig; name = "Pods-PlaceAutoComplete.debug.xcconfig"; path = "Target Support Files/Pods-PlaceAutoComplete/Pods-PlaceAutoComplete.debug.xcconfig"; sourceTree = "<group>"; };
		BF21150F2B285F2F006C1241 /* PlaceAutoComplete.app */ = {isa = PBXFileReference; explicitFileType = wrapper.application; includeInIndex = 0; path = PlaceAutoComplete.app; sourceTree = BUILT_PRODUCTS_DIR; };
		BF2115122B285F2F006C1241 /* AppDelegate.swift */ = {isa = PBXFileReference; lastKnownFileType = sourcecode.swift; path = AppDelegate.swift; sourceTree = "<group>"; };
		BF2115142B285F2F006C1241 /* SceneDelegate.swift */ = {isa = PBXFileReference; lastKnownFileType = sourcecode.swift; path = SceneDelegate.swift; sourceTree = "<group>"; };
		BF2115162B285F2F006C1241 /* PreviousViewController.swift */ = {isa = PBXFileReference; lastKnownFileType = sourcecode.swift; path = PreviousViewController.swift; sourceTree = "<group>"; };
		BF2115192B285F2F006C1241 /* Base */ = {isa = PBXFileReference; lastKnownFileType = file.storyboard; name = Base; path = Base.lproj/Main.storyboard; sourceTree = "<group>"; };
		BF21151C2B285F2F006C1241 /* PlaceAutoComplete.xcdatamodel */ = {isa = PBXFileReference; lastKnownFileType = wrapper.xcdatamodel; path = PlaceAutoComplete.xcdatamodel; sourceTree = "<group>"; };
		BF21151E2B285F30006C1241 /* Assets.xcassets */ = {isa = PBXFileReference; lastKnownFileType = folder.assetcatalog; path = Assets.xcassets; sourceTree = "<group>"; };
		BF2115212B285F30006C1241 /* Base */ = {isa = PBXFileReference; lastKnownFileType = file.storyboard; name = Base; path = Base.lproj/LaunchScreen.storyboard; sourceTree = "<group>"; };
		BF2115232B285F30006C1241 /* Info.plist */ = {isa = PBXFileReference; lastKnownFileType = text.plist.xml; path = Info.plist; sourceTree = "<group>"; };
		BF2115292B286707006C1241 /* GooglePlacesAutocomplete.swift */ = {isa = PBXFileReference; lastKnownFileType = sourcecode.swift; path = GooglePlacesAutocomplete.swift; sourceTree = "<group>"; };
		BF21152B2B286728006C1241 /* ModelCalss.swift */ = {isa = PBXFileReference; lastKnownFileType = sourcecode.swift; path = ModelCalss.swift; sourceTree = "<group>"; };
		BF21152E2B2887BE006C1241 /* ViewController.swift */ = {isa = PBXFileReference; lastKnownFileType = sourcecode.swift; path = ViewController.swift; sourceTree = "<group>"; };
/* End PBXFileReference section */

/* Begin PBXFrameworksBuildPhase section */
		BF21150C2B285F2F006C1241 /* Frameworks */ = {
			isa = PBXFrameworksBuildPhase;
			buildActionMask = 2147483647;
			files = (
				BF8C80E7385021D04A3AFC49 /* Pods_PlaceAutoComplete.framework in Frameworks */,
			);
			runOnlyForDeploymentPostprocessing = 0;
		};
/* End PBXFrameworksBuildPhase section */

/* Begin PBXGroup section */
		74BBBCDBB1AAE9AA04ECC2D5 /* Frameworks */ = {
			isa = PBXGroup;
			children = (
				086DC8CE603FBC00CB605C61 /* Pods_PlaceAutoComplete.framework */,
			);
			name = Frameworks;
			sourceTree = "<group>";
		};
		B2620E99062BB83CF7514E0A /* Pods */ = {
			isa = PBXGroup;
			children = (
				302C5C2B93C60FCE9E8DE6DE /* Pods-PlaceAutoComplete.debug.xcconfig */,
				18C2FD0727277BFEE7D57FB2 /* Pods-PlaceAutoComplete.release.xcconfig */,
			);
			path = Pods;
			sourceTree = "<group>";
		};
		BF2115062B285F2F006C1241 = {
			isa = PBXGroup;
			children = (
				BF2115112B285F2F006C1241 /* PlaceAutoComplete */,
				BF2115102B285F2F006C1241 /* Products */,
				B2620E99062BB83CF7514E0A /* Pods */,
				74BBBCDBB1AAE9AA04ECC2D5 /* Frameworks */,
			);
			sourceTree = "<group>";
		};
		BF2115102B285F2F006C1241 /* Products */ = {
			isa = PBXGroup;
			children = (
				BF21150F2B285F2F006C1241 /* PlaceAutoComplete.app */,
			);
			name = Products;
			sourceTree = "<group>";
		};
		BF2115112B285F2F006C1241 /* PlaceAutoComplete */ = {
			isa = PBXGroup;
			children = (
				BF2115122B285F2F006C1241 /* AppDelegate.swift */,
				BF2115142B285F2F006C1241 /* SceneDelegate.swift */,
				BF21152D2B2886B5006C1241 /* previous */,
				BF2115182B285F2F006C1241 /* Main.storyboard */,
				BF21151E2B285F30006C1241 /* Assets.xcassets */,
				BF2115202B285F30006C1241 /* LaunchScreen.storyboard */,
				BF2115232B285F30006C1241 /* Info.plist */,
				BF21151B2B285F2F006C1241 /* PlaceAutoComplete.xcdatamodeld */,
				BF21152E2B2887BE006C1241 /* ViewController.swift */,
			);
			path = PlaceAutoComplete;
			sourceTree = "<group>";
		};
		BF21152D2B2886B5006C1241 /* previous */ = {
			isa = PBXGroup;
			children = (
				BF21152B2B286728006C1241 /* ModelCalss.swift */,
				BF2115292B286707006C1241 /* GooglePlacesAutocomplete.swift */,
				BF2115162B285F2F006C1241 /* PreviousViewController.swift */,
			);
			path = previous;
			sourceTree = "<group>";
		};
/* End PBXGroup section */

/* Begin PBXNativeTarget section */
		BF21150E2B285F2F006C1241 /* PlaceAutoComplete */ = {
			isa = PBXNativeTarget;
			buildConfigurationList = BF2115262B285F30006C1241 /* Build configuration list for PBXNativeTarget "PlaceAutoComplete" */;
			buildPhases = (
				C0A96EE66675E1B8A6159B83 /* [CP] Check Pods Manifest.lock */,
				BF21150B2B285F2F006C1241 /* Sources */,
				BF21150C2B285F2F006C1241 /* Frameworks */,
				BF21150D2B285F2F006C1241 /* Resources */,
				7A2B335ED91FF0B15C105505 /* [CP] Copy Pods Resources */,
			);
			buildRules = (
			);
			dependencies = (
			);
			name = PlaceAutoComplete;
			productName = PlaceAutoComplete;
			productReference = BF21150F2B285F2F006C1241 /* PlaceAutoComplete.app */;
			productType = "com.apple.product-type.application";
		};
/* End PBXNativeTarget section */

/* Begin PBXProject section */
		BF2115072B285F2F006C1241 /* Project object */ = {
			isa = PBXProject;
			attributes = {
				BuildIndependentTargetsInParallel = 1;
				LastSwiftUpdateCheck = 1500;
				LastUpgradeCheck = 1500;
				TargetAttributes = {
					BF21150E2B285F2F006C1241 = {
						CreatedOnToolsVersion = 15.0.1;
					};
				};
			};
			buildConfigurationList = BF21150A2B285F2F006C1241 /* Build configuration list for PBXProject "PlaceAutoComplete" */;
			compatibilityVersion = "Xcode 14.0";
			developmentRegion = en;
			hasScannedForEncodings = 0;
			knownRegions = (
				en,
				Base,
			);
			mainGroup = BF2115062B285F2F006C1241;
			productRefGroup = BF2115102B285F2F006C1241 /* Products */;
			projectDirPath = "";
			projectRoot = "";
			targets = (
				BF21150E2B285F2F006C1241 /* PlaceAutoComplete */,
			);
		};
/* End PBXProject section */

/* Begin PBXResourcesBuildPhase section */
		BF21150D2B285F2F006C1241 /* Resources */ = {
			isa = PBXResourcesBuildPhase;
			buildActionMask = 2147483647;
			files = (
				BF2115222B285F30006C1241 /* LaunchScreen.storyboard in Resources */,
				BF21151F2B285F30006C1241 /* Assets.xcassets in Resources */,
				BF21151A2B285F2F006C1241 /* Main.storyboard in Resources */,
			);
			runOnlyForDeploymentPostprocessing = 0;
		};
/* End PBXResourcesBuildPhase section */

/* Begin PBXShellScriptBuildPhase section */
		7A2B335ED91FF0B15C105505 /* [CP] Copy Pods Resources */ = {
			isa = PBXShellScriptBuildPhase;
			buildActionMask = 2147483647;
			files = (
			);
			inputFileListPaths = (
				"${PODS_ROOT}/Target Support Files/Pods-PlaceAutoComplete/Pods-PlaceAutoComplete-resources-${CONFIGURATION}-input-files.xcfilelist",
			);
			name = "[CP] Copy Pods Resources";
			outputFileListPaths = (
				"${PODS_ROOT}/Target Support Files/Pods-PlaceAutoComplete/Pods-PlaceAutoComplete-resources-${CONFIGURATION}-output-files.xcfilelist",
			);
			runOnlyForDeploymentPostprocessing = 0;
			shellPath = /bin/sh;
			shellScript = "\"${PODS_ROOT}/Target Support Files/Pods-PlaceAutoComplete/Pods-PlaceAutoComplete-resources.sh\"\n";
			showEnvVarsInLog = 0;
		};
		C0A96EE66675E1B8A6159B83 /* [CP] Check Pods Manifest.lock */ = {
			isa = PBXShellScriptBuildPhase;
			buildActionMask = 2147483647;
			files = (
			);
			inputFileListPaths = (
			);
			inputPaths = (
				"${PODS_PODFILE_DIR_PATH}/Podfile.lock",
				"${PODS_ROOT}/Manifest.lock",
			);
			name = "[CP] Check Pods Manifest.lock";
			outputFileListPaths = (
			);
			outputPaths = (
				"$(DERIVED_FILE_DIR)/Pods-PlaceAutoComplete-checkManifestLockResult.txt",
			);
			runOnlyForDeploymentPostprocessing = 0;
			shellPath = /bin/sh;
			shellScript = "diff \"${PODS_PODFILE_DIR_PATH}/Podfile.lock\" \"${PODS_ROOT}/Manifest.lock\" > /dev/null\nif [ $? != 0 ] ; then\n    # print error to STDERR\n    echo \"error: The sandbox is not in sync with the Podfile.lock. Run 'pod install' or update your CocoaPods installation.\" >&2\n    exit 1\nfi\n# This output is used by Xcode 'outputs' to avoid re-running this script phase.\necho \"SUCCESS\" > \"${SCRIPT_OUTPUT_FILE_0}\"\n";
			showEnvVarsInLog = 0;
		};
/* End PBXShellScriptBuildPhase section */

/* Begin PBXSourcesBuildPhase section */
		BF21150B2B285F2F006C1241 /* Sources */ = {
			isa = PBXSourcesBuildPhase;
			buildActionMask = 2147483647;
			files = (
				BF21152A2B286707006C1241 /* GooglePlacesAutocomplete.swift in Sources */,
				BF2115172B285F2F006C1241 /* PreviousViewController.swift in Sources */,
				BF21151D2B285F2F006C1241 /* PlaceAutoComplete.xcdatamodeld in Sources */,
				BF2115132B285F2F006C1241 /* AppDelegate.swift in Sources */,
				BF21152F2B2887BE006C1241 /* ViewController.swift in Sources */,
				BF21152C2B286728006C1241 /* ModelCalss.swift in Sources */,
				BF2115152B285F2F006C1241 /* SceneDelegate.swift in Sources */,
			);
			runOnlyForDeploymentPostprocessing = 0;
		};
/* End PBXSourcesBuildPhase section */

/* Begin PBXVariantGroup section */
		BF2115182B285F2F006C1241 /* Main.storyboard */ = {
			isa = PBXVariantGroup;
			children = (
				BF2115192B285F2F006C1241 /* Base */,
			);
			name = Main.storyboard;
			sourceTree = "<group>";
		};
		BF2115202B285F30006C1241 /* LaunchScreen.storyboard */ = {
			isa = PBXVariantGroup;
			children = (
				BF2115212B285F30006C1241 /* Base */,
			);
			name = LaunchScreen.storyboard;
			sourceTree = "<group>";
		};
/* End PBXVariantGroup section */

/* Begin XCBuildConfiguration section */
		BF2115242B285F30006C1241 /* Debug */ = {
			isa = XCBuildConfiguration;
			buildSettings = {
				ALWAYS_SEARCH_USER_PATHS = NO;
				ASSETCATALOG_COMPILER_GENERATE_SWIFT_ASSET_SYMBOL_EXTENSIONS = YES;
				CLANG_ANALYZER_NONNULL = YES;
				CLANG_ANALYZER_NUMBER_OBJECT_CONVERSION = YES_AGGRESSIVE;
				CLANG_CXX_LANGUAGE_STANDARD = "gnu++20";
				CLANG_ENABLE_MODULES = YES;
				CLANG_ENABLE_OBJC_ARC = YES;
				CLANG_ENABLE_OBJC_WEAK = YES;
				CLANG_WARN_BLOCK_CAPTURE_AUTORELEASING = YES;
				CLANG_WARN_BOOL_CONVERSION = YES;
				CLANG_WARN_COMMA = YES;
				CLANG_WARN_CONSTANT_CONVERSION = YES;
				CLANG_WARN_DEPRECATED_OBJC_IMPLEMENTATIONS = YES;
				CLANG_WARN_DIRECT_OBJC_ISA_USAGE = YES_ERROR;
				CLANG_WARN_DOCUMENTATION_COMMENTS = YES;
				CLANG_WARN_EMPTY_BODY = YES;
				CLANG_WARN_ENUM_CONVERSION = YES;
				CLANG_WARN_INFINITE_RECURSION = YES;
				CLANG_WARN_INT_CONVERSION = YES;
				CLANG_WARN_NON_LITERAL_NULL_CONVERSION = YES;
				CLANG_WARN_OBJC_IMPLICIT_RETAIN_SELF = YES;
				CLANG_WARN_OBJC_LITERAL_CONVERSION = YES;
				CLANG_WARN_OBJC_ROOT_CLASS = YES_ERROR;
				CLANG_WARN_QUOTED_INCLUDE_IN_FRAMEWORK_HEADER = YES;
				CLANG_WARN_RANGE_LOOP_ANALYSIS = YES;
				CLANG_WARN_STRICT_PROTOTYPES = YES;
				CLANG_WARN_SUSPICIOUS_MOVE = YES;
				CLANG_WARN_UNGUARDED_AVAILABILITY = YES_AGGRESSIVE;
				CLANG_WARN_UNREACHABLE_CODE = YES;
				CLANG_WARN__DUPLICATE_METHOD_MATCH = YES;
				COPY_PHASE_STRIP = NO;
				DEBUG_INFORMATION_FORMAT = dwarf;
				ENABLE_STRICT_OBJC_MSGSEND = YES;
				ENABLE_TESTABILITY = YES;
				ENABLE_USER_SCRIPT_SANDBOXING = NO;
				GCC_C_LANGUAGE_STANDARD = gnu17;
				GCC_DYNAMIC_NO_PIC = NO;
				GCC_NO_COMMON_BLOCKS = YES;
				GCC_OPTIMIZATION_LEVEL = 0;
				GCC_PREPROCESSOR_DEFINITIONS = (
					"DEBUG=1",
					"$(inherited)",
				);
				GCC_WARN_64_TO_32_BIT_CONVERSION = YES;
				GCC_WARN_ABOUT_RETURN_TYPE = YES_ERROR;
				GCC_WARN_UNDECLARED_SELECTOR = YES;
				GCC_WARN_UNINITIALIZED_AUTOS = YES_AGGRESSIVE;
				GCC_WARN_UNUSED_FUNCTION = YES;
				GCC_WARN_UNUSED_VARIABLE = YES;
				IPHONEOS_DEPLOYMENT_TARGET = 17.0;
				LOCALIZATION_PREFERS_STRING_CATALOGS = YES;
				MTL_ENABLE_DEBUG_INFO = INCLUDE_SOURCE;
				MTL_FAST_MATH = YES;
				ONLY_ACTIVE_ARCH = YES;
				SDKROOT = iphoneos;
				SWIFT_ACTIVE_COMPILATION_CONDITIONS = "DEBUG $(inherited)";
				SWIFT_OPTIMIZATION_LEVEL = "-Onone";
			};
			name = Debug;
		};
		BF2115252B285F30006C1241 /* Release */ = {
			isa = XCBuildConfiguration;
			buildSettings = {
				ALWAYS_SEARCH_USER_PATHS = NO;
				ASSETCATALOG_COMPILER_GENERATE_SWIFT_ASSET_SYMBOL_EXTENSIONS = YES;
				CLANG_ANALYZER_NONNULL = YES;
				CLANG_ANALYZER_NUMBER_OBJECT_CONVERSION = YES_AGGRESSIVE;
				CLANG_CXX_LANGUAGE_STANDARD = "gnu++20";
				CLANG_ENABLE_MODULES = YES;
				CLANG_ENABLE_OBJC_ARC = YES;
				CLANG_ENABLE_OBJC_WEAK = YES;
				CLANG_WARN_BLOCK_CAPTURE_AUTORELEASING = YES;
				CLANG_WARN_BOOL_CONVERSION = YES;
				CLANG_WARN_COMMA = YES;
				CLANG_WARN_CONSTANT_CONVERSION = YES;
				CLANG_WARN_DEPRECATED_OBJC_IMPLEMENTATIONS = YES;
				CLANG_WARN_DIRECT_OBJC_ISA_USAGE = YES_ERROR;
				CLANG_WARN_DOCUMENTATION_COMMENTS = YES;
				CLANG_WARN_EMPTY_BODY = YES;
				CLANG_WARN_ENUM_CONVERSION = YES;
				CLANG_WARN_INFINITE_RECURSION = YES;
				CLANG_WARN_INT_CONVERSION = YES;
				CLANG_WARN_NON_LITERAL_NULL_CONVERSION = YES;
				CLANG_WARN_OBJC_IMPLICIT_RETAIN_SELF = YES;
				CLANG_WARN_OBJC_LITERAL_CONVERSION = YES;
				CLANG_WARN_OBJC_ROOT_CLASS = YES_ERROR;
				CLANG_WARN_QUOTED_INCLUDE_IN_FRAMEWORK_HEADER = YES;
				CLANG_WARN_RANGE_LOOP_ANALYSIS = YES;
				CLANG_WARN_STRICT_PROTOTYPES = YES;
				CLANG_WARN_SUSPICIOUS_MOVE = YES;
				CLANG_WARN_UNGUARDED_AVAILABILITY = YES_AGGRESSIVE;
				CLANG_WARN_UNREACHABLE_CODE = YES;
				CLANG_WARN__DUPLICATE_METHOD_MATCH = YES;
				COPY_PHASE_STRIP = NO;
				DEBUG_INFORMATION_FORMAT = "dwarf-with-dsym";
				ENABLE_NS_ASSERTIONS = NO;
				ENABLE_STRICT_OBJC_MSGSEND = YES;
				ENABLE_USER_SCRIPT_SANDBOXING = NO;
				GCC_C_LANGUAGE_STANDARD = gnu17;
				GCC_NO_COMMON_BLOCKS = YES;
				GCC_WARN_64_TO_32_BIT_CONVERSION = YES;
				GCC_WARN_ABOUT_RETURN_TYPE = YES_ERROR;
				GCC_WARN_UNDECLARED_SELECTOR = YES;
				GCC_WARN_UNINITIALIZED_AUTOS = YES_AGGRESSIVE;
				GCC_WARN_UNUSED_FUNCTION = YES;
				GCC_WARN_UNUSED_VARIABLE = YES;
				IPHONEOS_DEPLOYMENT_TARGET = 17.0;
				LOCALIZATION_PREFERS_STRING_CATALOGS = YES;
				MTL_ENABLE_DEBUG_INFO = NO;
				MTL_FAST_MATH = YES;
				SDKROOT = iphoneos;
				SWIFT_COMPILATION_MODE = wholemodule;
				VALIDATE_PRODUCT = YES;
			};
			name = Release;
		};
		BF2115272B285F30006C1241 /* Debug */ = {
			isa = XCBuildConfiguration;
			baseConfigurationReference = 302C5C2B93C60FCE9E8DE6DE /* Pods-PlaceAutoComplete.debug.xcconfig */;
			buildSettings = {
				ASSETCATALOG_COMPILER_APPICON_NAME = AppIcon;
				ASSETCATALOG_COMPILER_GLOBAL_ACCENT_COLOR_NAME = AccentColor;
				CODE_SIGN_STYLE = Automatic;
				CURRENT_PROJECT_VERSION = 1;
				DEVELOPMENT_TEAM = 76984GDP6C;
				ENABLE_USER_SCRIPT_SANDBOXING = NO;
				GENERATE_INFOPLIST_FILE = YES;
				INFOPLIST_FILE = PlaceAutoComplete/Info.plist;
				INFOPLIST_KEY_UIApplicationSupportsIndirectInputEvents = YES;
				INFOPLIST_KEY_UILaunchStoryboardName = LaunchScreen;
				INFOPLIST_KEY_UIMainStoryboardFile = Main;
				INFOPLIST_KEY_UISupportedInterfaceOrientations_iPad = "UIInterfaceOrientationPortrait UIInterfaceOrientationPortraitUpsideDown UIInterfaceOrientationLandscapeLeft UIInterfaceOrientationLandscapeRight";
				INFOPLIST_KEY_UISupportedInterfaceOrientations_iPhone = "UIInterfaceOrientationPortrait UIInterfaceOrientationLandscapeLeft UIInterfaceOrientationLandscapeRight";
				LD_RUNPATH_SEARCH_PATHS = (
					"$(inherited)",
					"@executable_path/Frameworks",
				);
				MARKETING_VERSION = 1.0;
				PRODUCT_BUNDLE_IDENTIFIER = Refat.PlaceAutoComplete;
				PRODUCT_NAME = "$(TARGET_NAME)";
				SWIFT_EMIT_LOC_STRINGS = YES;
				SWIFT_VERSION = 5.0;
				TARGETED_DEVICE_FAMILY = "1,2";
			};
			name = Debug;
		};
		BF2115282B285F30006C1241 /* Release */ = {
			isa = XCBuildConfiguration;
			baseConfigurationReference = 18C2FD0727277BFEE7D57FB2 /* Pods-PlaceAutoComplete.release.xcconfig */;
			buildSettings = {
				ASSETCATALOG_COMPILER_APPICON_NAME = AppIcon;
				ASSETCATALOG_COMPILER_GLOBAL_ACCENT_COLOR_NAME = AccentColor;
				CODE_SIGN_STYLE = Automatic;
				CURRENT_PROJECT_VERSION = 1;
				DEVELOPMENT_TEAM = 76984GDP6C;
				ENABLE_USER_SCRIPT_SANDBOXING = NO;
				GENERATE_INFOPLIST_FILE = YES;
				INFOPLIST_FILE = PlaceAutoComplete/Info.plist;
				INFOPLIST_KEY_UIApplicationSupportsIndirectInputEvents = YES;
				INFOPLIST_KEY_UILaunchStoryboardName = LaunchScreen;
				INFOPLIST_KEY_UIMainStoryboardFile = Main;
				INFOPLIST_KEY_UISupportedInterfaceOrientations_iPad = "UIInterfaceOrientationPortrait UIInterfaceOrientationPortraitUpsideDown UIInterfaceOrientationLandscapeLeft UIInterfaceOrientationLandscapeRight";
				INFOPLIST_KEY_UISupportedInterfaceOrientations_iPhone = "UIInterfaceOrientationPortrait UIInterfaceOrientationLandscapeLeft UIInterfaceOrientationLandscapeRight";
				LD_RUNPATH_SEARCH_PATHS = (
					"$(inherited)",
					"@executable_path/Frameworks",
				);
				MARKETING_VERSION = 1.0;
				PRODUCT_BUNDLE_IDENTIFIER = Refat.PlaceAutoComplete;
				PRODUCT_NAME = "$(TARGET_NAME)";
				SWIFT_EMIT_LOC_STRINGS = YES;
				SWIFT_VERSION = 5.0;
				TARGETED_DEVICE_FAMILY = "1,2";
			};
			name = Release;
		};
/* End XCBuildConfiguration section */

/* Begin XCConfigurationList section */
		BF21150A2B285F2F006C1241 /* Build configuration list for PBXProject "PlaceAutoComplete" */ = {
			isa = XCConfigurationList;
			buildConfigurations = (
				BF2115242B285F30006C1241 /* Debug */,
				BF2115252B285F30006C1241 /* Release */,
			);
			defaultConfigurationIsVisible = 0;
			defaultConfigurationName = Release;
		};
		BF2115262B285F30006C1241 /* Build configuration list for PBXNativeTarget "PlaceAutoComplete" */ = {
			isa = XCConfigurationList;
			buildConfigurations = (
				BF2115272B285F30006C1241 /* Debug */,
				BF2115282B285F30006C1241 /* Release */,
			);
			defaultConfigurationIsVisible = 0;
			defaultConfigurationName = Release;
		};
/* End XCConfigurationList section */

/* Begin XCVersionGroup section */
		BF21151B2B285F2F006C1241 /* PlaceAutoComplete.xcdatamodeld */ = {
			isa = XCVersionGroup;
			children = (
				BF21151C2B285F2F006C1241 /* PlaceAutoComplete.xcdatamodel */,
			);
			currentVersion = BF21151C2B285F2F006C1241 /* PlaceAutoComplete.xcdatamodel */;
			path = PlaceAutoComplete.xcdatamodeld;
			sourceTree = "<group>";
			versionGroupType = wrapper.xcdatamodel;
		};
/* End XCVersionGroup section */
	};
	rootObject = BF2115072B285F2F006C1241 /* Project object */;
}
